
Microsoft Visual Studio Solution File, Format Version 12.00
# Visual Studio 15
VisualStudioVersion = 15.0.26730.16
MinimumVisualStudioVersion = 10.0.40219.1
Project("{FAE04EC0-301F-11D3-BF4B-00C04F79EFBC}") = "libEPL2Bitmap", "libEPL2Bitmap\libEPL2Bitmap.csproj", "{B6A07B64-FE2F-4C94-BA9C-C1145362AC7E}"
EndProject
Project("{FAE04EC0-301F-11D3-BF4B-00C04F79EFBC}") = "ExampleApplication", "ExampleApplication\ExampleApplication.csproj", "{736B8DE7-09B5-4564-873F-4FF4D92A9C86}"
EndProject
Global
	GlobalSection(SolutionConfigurationPlatforms) = preSolution
		Debug|Any CPU = Debug|Any CPU
		Release|Any CPU = Release|Any CPU
	EndGlobalSection
	GlobalSection(ProjectConfigurationPlatforms) = postSolution
		{B6A07B64-FE2F-4C94-BA9C-C1145362AC7E}.Debug|Any CPU.ActiveCfg = Debug|Any CPU
		{B6A07B64-FE2F-4C94-BA9C-C1145362AC7E}.Debug|Any CPU.Build.0 = Debug|Any CPU
		{B6A07B64-FE2F-4C94-BA9C-C1145362AC7E}.Release|Any CPU.ActiveCfg = Release|Any CPU
		{B6A07B64-FE2F-4C94-BA9C-C1145362AC7E}.Release|Any CPU.Build.0 = Release|Any CPU
		{736B8DE7-09B5-4564-873F-4FF4D92A9C86}.Debug|Any CPU.ActiveCfg = Debug|Any CPU
		{736B8DE7-09B5-4564-873F-4FF4D92A9C86}.Debug|Any CPU.Build.0 = Debug|Any CPU
		{736B8DE7-09B5-4564-873F-4FF4D92A9C86}.Release|Any CPU.ActiveCfg = Release|Any CPU
		{736B8DE7-09B5-4564-873F-4FF4D92A9C86}.Release|Any CPU.Build.0 = Release|Any CPU
	EndGlobalSection
	GlobalSection(SolutionProperties) = preSolution
		HideSolutionNode = FALSE
	EndGlobalSection
	GlobalSection(ExtensibilityGlobals) = postSolution
		SolutionGuid = {C1EA476A-CAAC-4BAD-84FB-5A96E9557BC8}
	EndGlobalSection
EndGlobal
